
Microsoft Visual Studio Solution File, Format Version 12.00
# Visual Studio 2013
VisualStudioVersion = 12.0.21005.1
MinimumVisualStudioVersion = 10.0.40219.1
Project("{FAE04EC0-301F-11D3-BF4B-00C04F79EFBC}") = "RefrigeratorWeightHoldingApp", "RefrigeratorWeightHoldingApp\RefrigeratorWeightHoldingApp.csproj", "{B0FD5CA1-FCB3-4D6A-AC40-CABF53A2744A}"
EndProject
Global
	GlobalSection(SolutionConfigurationPlatforms) = preSolution
		Debug|Any CPU = Debug|Any CPU
		Release|Any CPU = Release|Any CPU
	EndGlobalSection
	GlobalSection(ProjectConfigurationPlatforms) = postSolution
		{B0FD5CA1-FCB3-4D6A-AC40-CABF53A2744A}.Debug|Any CPU.ActiveCfg = Debug|Any CPU
		{B0FD5CA1-FCB3-4D6A-AC40-CABF53A2744A}.Debug|Any CPU.Build.0 = Debug|Any CPU
		{B0FD5CA1-FCB3-4D6A-AC40-CABF53A2744A}.Release|Any CPU.ActiveCfg = Release|Any CPU
		{B0FD5CA1-FCB3-4D6A-AC40-CABF53A2744A}.Release|Any CPU.Build.0 = Release|Any CPU
	EndGlobalSection
	GlobalSection(SolutionProperties) = preSolution
		HideSolutionNode = FALSE
	EndGlobalSection
EndGlobal
